{
    "name": "nativescript-betterwebsockets",
    "version": "1.0.0",
    "lockfileVersion": 1,
    "requires": true,
    "dependencies": {
        "tns-platform-declarations": {
            "version": "4.2.0",
            "resolved": "https://registry.npmjs.org/tns-platform-declarations/-/tns-platform-declarations-4.2.0.tgz",
            "integrity": "sha512-XY31UJiLzmQsYx4fdbG6yUIoEO/p5y3ApYvIYQlSzuXDaekKk96dfBPXNe9P3JNfZZSybQttK7Vqv9w9yTjdkA==",
            "dev": true
        }
    }
}
